// !$*UTF8*$!
{
	archiveVersion = 1;
	classes = {
	};
	objectVersion = 54;
	objects = {

/* Begin PBXBuildFile section */
		13B07FBF1A68108700A75B9A /* Images.xcassets in Resources */ = {isa = PBXBuildFile; fileRef = 13B07FB51A68108700A75B9A /* Images.xcassets */; };
		5CDCA2C92E10125D00DC27AB /* Qwen3-1.7B-Q4_K_M.gguf in Resources */ = {isa = PBXBuildFile; fileRef = 5CDCA2C82E10125D00DC27AB /* Qwen3-1.7B-Q4_K_M.gguf */; };
		5CDDD2ED2DE5DAE800CF9493 /* Llama-3.2-1B-Instruct-Q4_K_M.gguf in Resources */ = {isa = PBXBuildFile; fileRef = 5CDDD2EB2DE5DAE800CF9493 /* Llama-3.2-1B-Instruct-Q4_K_M.gguf */; };
		5CDDD2EE2DE5DAE800CF9493 /* Mistral-7B-Instruct-v0.3.Q4_K_M.gguf in Resources */ = {isa = PBXBuildFile; fileRef = 5CDDD2EC2DE5DAE800CF9493 /* Mistral-7B-Instruct-v0.3.Q4_K_M.gguf */; };
		750CBE78C1C2A29E28EFE37B /* PrivacyInfo.xcprivacy in Resources */ = {isa = PBXBuildFile; fileRef = 13B07FB81A68108700A75B9A /* PrivacyInfo.xcprivacy */; };
		761780ED2CA45674006654EE /* AppDelegate.swift in Sources */ = {isa = PBXBuildFile; fileRef = 761780EC2CA45674006654EE /* AppDelegate.swift */; };
		81AB9BB82411601600AC10FF /* LaunchScreen.storyboard in Resources */ = {isa = PBXBuildFile; fileRef = 81AB9BB72411601600AC10FF /* LaunchScreen.storyboard */; };
		CAB278ADA6D5C00B4DA83B92 /* libPods-llamarnexample.a in Frameworks */ = {isa = PBXBuildFile; fileRef = 33A0CC882224FE725E2EDE41 /* libPods-llamarnexample.a */; };
/* End PBXBuildFile section */

/* Begin PBXFileReference section */
		13B07F961A680F5B00A75B9A /* llamarnexample.app */ = {isa = PBXFileReference; explicitFileType = wrapper.application; includeInIndex = 0; path = llamarnexample.app; sourceTree = BUILT_PRODUCTS_DIR; };
		13B07FB51A68108700A75B9A /* Images.xcassets */ = {isa = PBXFileReference; lastKnownFileType = folder.assetcatalog; name = Images.xcassets; path = llamarnexample/Images.xcassets; sourceTree = "<group>"; };
		13B07FB61A68108700A75B9A /* Info.plist */ = {isa = PBXFileReference; fileEncoding = 4; lastKnownFileType = text.plist.xml; name = Info.plist; path = llamarnexample/Info.plist; sourceTree = "<group>"; };
		13B07FB81A68108700A75B9A /* PrivacyInfo.xcprivacy */ = {isa = PBXFileReference; fileEncoding = 4; lastKnownFileType = text.plist.xml; name = PrivacyInfo.xcprivacy; path = llamarnexample/PrivacyInfo.xcprivacy; sourceTree = "<group>"; };
		33A0CC882224FE725E2EDE41 /* libPods-llamarnexample.a */ = {isa = PBXFileReference; explicitFileType = archive.ar; includeInIndex = 0; path = "libPods-llamarnexample.a"; sourceTree = BUILT_PRODUCTS_DIR; };
		59B66C4F42C7B1877CBDECE4 /* Pods-llamarnexample.debug.xcconfig */ = {isa = PBXFileReference; includeInIndex = 1; lastKnownFileType = text.xcconfig; name = "Pods-llamarnexample.debug.xcconfig"; path = "Target Support Files/Pods-llamarnexample/Pods-llamarnexample.debug.xcconfig"; sourceTree = "<group>"; };
		5CDCA2C82E10125D00DC27AB /* Qwen3-1.7B-Q4_K_M.gguf */ = {isa = PBXFileReference; lastKnownFileType = file; path = "Qwen3-1.7B-Q4_K_M.gguf"; sourceTree = "<group>"; };
		5CDDD2EB2DE5DAE800CF9493 /* Llama-3.2-1B-Instruct-Q4_K_M.gguf */ = {isa = PBXFileReference; lastKnownFileType = file; path = "Llama-3.2-1B-Instruct-Q4_K_M.gguf"; sourceTree = "<group>"; };
		5CDDD2EC2DE5DAE800CF9493 /* Mistral-7B-Instruct-v0.3.Q4_K_M.gguf */ = {isa = PBXFileReference; lastKnownFileType = file; path = "Mistral-7B-Instruct-v0.3.Q4_K_M.gguf"; sourceTree = "<group>"; };
		6FDE3BC8A6BAF7E61BB5319F /* Pods-llamarnexample.release.xcconfig */ = {isa = PBXFileReference; includeInIndex = 1; lastKnownFileType = text.xcconfig; name = "Pods-llamarnexample.release.xcconfig"; path = "Target Support Files/Pods-llamarnexample/Pods-llamarnexample.release.xcconfig"; sourceTree = "<group>"; };
		761780EC2CA45674006654EE /* AppDelegate.swift */ = {isa = PBXFileReference; lastKnownFileType = sourcecode.swift; name = AppDelegate.swift; path = llamarnexample/AppDelegate.swift; sourceTree = "<group>"; };
		81AB9BB72411601600AC10FF /* LaunchScreen.storyboard */ = {isa = PBXFileReference; fileEncoding = 4; lastKnownFileType = file.storyboard; name = LaunchScreen.storyboard; path = llamarnexample/LaunchScreen.storyboard; sourceTree = "<group>"; };
		ED297162215061F000B7C4FE /* JavaScriptCore.framework */ = {isa = PBXFileReference; lastKnownFileType = wrapper.framework; name = JavaScriptCore.framework; path = System/Library/Frameworks/JavaScriptCore.framework; sourceTree = SDKROOT; };
/* End PBXFileReference section */

/* Begin PBXFrameworksBuildPhase section */
		13B07F8C1A680F5B00A75B9A /* Frameworks */ = {
			isa = PBXFrameworksBuildPhase;
			buildActionMask = 2147483647;
			files = (
				CAB278ADA6D5C00B4DA83B92 /* libPods-llamarnexample.a in Frameworks */,
			);
			runOnlyForDeploymentPostprocessing = 0;
		};
/* End PBXFrameworksBuildPhase section */

/* Begin PBXGroup section */
		13B07FAE1A68108700A75B9A /* llamarnexample */ = {
			isa = PBXGroup;
			children = (
				13B07FB51A68108700A75B9A /* Images.xcassets */,
				761780EC2CA45674006654EE /* AppDelegate.swift */,
				13B07FB61A68108700A75B9A /* Info.plist */,
				81AB9BB72411601600AC10FF /* LaunchScreen.storyboard */,
				13B07FB81A68108700A75B9A /* PrivacyInfo.xcprivacy */,
			);
			name = llamarnexample;
			sourceTree = "<group>";
		};
		2D16E6871FA4F8E400B85C8A /* Frameworks */ = {
			isa = PBXGroup;
			children = (
				ED297162215061F000B7C4FE /* JavaScriptCore.framework */,
				33A0CC882224FE725E2EDE41 /* libPods-llamarnexample.a */,
			);
			name = Frameworks;
			sourceTree = "<group>";
		};
		832341AE1AAA6A7D00B99B32 /* Libraries */ = {
			isa = PBXGroup;
			children = (
			);
			name = Libraries;
			sourceTree = "<group>";
		};
		83CBB9F61A601CBA00E9B192 = {
			isa = PBXGroup;
			children = (
				5CDCA2C82E10125D00DC27AB /* Qwen3-1.7B-Q4_K_M.gguf */,
				5CDDD2EB2DE5DAE800CF9493 /* Llama-3.2-1B-Instruct-Q4_K_M.gguf */,
				5CDDD2EC2DE5DAE800CF9493 /* Mistral-7B-Instruct-v0.3.Q4_K_M.gguf */,
				13B07FAE1A68108700A75B9A /* llamarnexample */,
				832341AE1AAA6A7D00B99B32 /* Libraries */,
				83CBBA001A601CBA00E9B192 /* Products */,
				2D16E6871FA4F8E400B85C8A /* Frameworks */,
				BBD78D7AC51CEA395F1C20DB /* Pods */,
			);
			indentWidth = 2;
			sourceTree = "<group>";
			tabWidth = 2;
			usesTabs = 0;
		};
		83CBBA001A601CBA00E9B192 /* Products */ = {
			isa = PBXGroup;
			children = (
				13B07F961A680F5B00A75B9A /* llamarnexample.app */,
			);
			name = Products;
			sourceTree = "<group>";
		};
		BBD78D7AC51CEA395F1C20DB /* Pods */ = {
			isa = PBXGroup;
			children = (
				59B66C4F42C7B1877CBDECE4 /* Pods-llamarnexample.debug.xcconfig */,
				6FDE3BC8A6BAF7E61BB5319F /* Pods-llamarnexample.release.xcconfig */,
			);
			path = Pods;
			sourceTree = "<group>";
		};
/* End PBXGroup section */

/* Begin PBXNativeTarget section */
		13B07F861A680F5B00A75B9A /* llamarnexample */ = {
			isa = PBXNativeTarget;
			buildConfigurationList = 13B07F931A680F5B00A75B9A /* Build configuration list for PBXNativeTarget "llamarnexample" */;
			buildPhases = (
				EE48E4AD93B22499DB240C6E /* [CP] Check Pods Manifest.lock */,
				13B07F871A680F5B00A75B9A /* Sources */,
				13B07F8C1A680F5B00A75B9A /* Frameworks */,
				13B07F8E1A680F5B00A75B9A /* Resources */,
				00DD1BFF1BD5951E006B06BC /* Bundle React Native code and images */,
				8FC2287A7F425FCFD19268A0 /* [CP] Embed Pods Frameworks */,
				B8A3B0AC68FC01CFBDFACF29 /* [CP] Copy Pods Resources */,
			);
			buildRules = (
			);
			dependencies = (
			);
			name = llamarnexample;
			productName = llamarnexample;
			productReference = 13B07F961A680F5B00A75B9A /* llamarnexample.app */;
			productType = "com.apple.product-type.application";
		};
/* End PBXNativeTarget section */

/* Begin PBXProject section */
		83CBB9F71A601CBA00E9B192 /* Project object */ = {
			isa = PBXProject;
			attributes = {
				BuildIndependentTargetsInParallel = YES;
				LastUpgradeCheck = 1620;
				TargetAttributes = {
					13B07F861A680F5B00A75B9A = {
						LastSwiftMigration = 1620;
					};
				};
			};
			buildConfigurationList = 83CBB9FA1A601CBA00E9B192 /* Build configuration list for PBXProject "llamarnexample" */;
			compatibilityVersion = "Xcode 12.0";
			developmentRegion = en;
			hasScannedForEncodings = 0;
			knownRegions = (
				en,
				Base,
			);
			mainGroup = 83CBB9F61A601CBA00E9B192;
			productRefGroup = 83CBBA001A601CBA00E9B192 /* Products */;
			projectDirPath = "";
			projectRoot = "";
			targets = (
				13B07F861A680F5B00A75B9A /* llamarnexample */,
			);
		};
/* End PBXProject section */

/* Begin PBXResourcesBuildPhase section */
		13B07F8E1A680F5B00A75B9A /* Resources */ = {
			isa = PBXResourcesBuildPhase;
			buildActionMask = 2147483647;
			files = (
				81AB9BB82411601600AC10FF /* LaunchScreen.storyboard in Resources */,
				13B07FBF1A68108700A75B9A /* Images.xcassets in Resources */,
				5CDCA2C92E10125D00DC27AB /* Qwen3-1.7B-Q4_K_M.gguf in Resources */,
				750CBE78C1C2A29E28EFE37B /* PrivacyInfo.xcprivacy in Resources */,
				5CDDD2ED2DE5DAE800CF9493 /* Llama-3.2-1B-Instruct-Q4_K_M.gguf in Resources */,
				5CDDD2EE2DE5DAE800CF9493 /* Mistral-7B-Instruct-v0.3.Q4_K_M.gguf in Resources */,
			);
			runOnlyForDeploymentPostprocessing = 0;
		};
/* End PBXResourcesBuildPhase section */

/* Begin PBXShellScriptBuildPhase section */
		00DD1BFF1BD5951E006B06BC /* Bundle React Native code and images */ = {
			isa = PBXShellScriptBuildPhase;
			buildActionMask = 2147483647;
			files = (
			);
			inputPaths = (
				"$(SRCROOT)/.xcode.env.local",
				"$(SRCROOT)/.xcode.env",
			);
			name = "Bundle React Native code and images";
			outputPaths = (
			);
			runOnlyForDeploymentPostprocessing = 0;
			shellPath = /bin/sh;
			shellScript = "set -e\n\nWITH_ENVIRONMENT=\"$REACT_NATIVE_PATH/scripts/xcode/with-environment.sh\"\nREACT_NATIVE_XCODE=\"$REACT_NATIVE_PATH/scripts/react-native-xcode.sh\"\n\n/bin/sh -c \"$WITH_ENVIRONMENT $REACT_NATIVE_XCODE\"\n";
		};
		8FC2287A7F425FCFD19268A0 /* [CP] Embed Pods Frameworks */ = {
			isa = PBXShellScriptBuildPhase;
			buildActionMask = 2147483647;
			files = (
			);
			inputFileListPaths = (
				"${PODS_ROOT}/Target Support Files/Pods-llamarnexample/Pods-llamarnexample-frameworks-${CONFIGURATION}-input-files.xcfilelist",
			);
			name = "[CP] Embed Pods Frameworks";
			outputFileListPaths = (
				"${PODS_ROOT}/Target Support Files/Pods-llamarnexample/Pods-llamarnexample-frameworks-${CONFIGURATION}-output-files.xcfilelist",
			);
			runOnlyForDeploymentPostprocessing = 0;
			shellPath = /bin/sh;
			shellScript = "\"${PODS_ROOT}/Target Support Files/Pods-llamarnexample/Pods-llamarnexample-frameworks.sh\"\n";
			showEnvVarsInLog = 0;
		};
		B8A3B0AC68FC01CFBDFACF29 /* [CP] Copy Pods Resources */ = {
			isa = PBXShellScriptBuildPhase;
			buildActionMask = 2147483647;
			files = (
			);
			inputFileListPaths = (
				"${PODS_ROOT}/Target Support Files/Pods-llamarnexample/Pods-llamarnexample-resources-${CONFIGURATION}-input-files.xcfilelist",
			);
			name = "[CP] Copy Pods Resources";
			outputFileListPaths = (
				"${PODS_ROOT}/Target Support Files/Pods-llamarnexample/Pods-llamarnexample-resources-${CONFIGURATION}-output-files.xcfilelist",
			);
			runOnlyForDeploymentPostprocessing = 0;
			shellPath = /bin/sh;
			shellScript = "\"${PODS_ROOT}/Target Support Files/Pods-llamarnexample/Pods-llamarnexample-resources.sh\"\n";
			showEnvVarsInLog = 0;
		};
		EE48E4AD93B22499DB240C6E /* [CP] Check Pods Manifest.lock */ = {
			isa = PBXShellScriptBuildPhase;
			buildActionMask = 2147483647;
			files = (
			);
			inputFileListPaths = (
			);
			inputPaths = (
				"${PODS_PODFILE_DIR_PATH}/Podfile.lock",
				"${PODS_ROOT}/Manifest.lock",
			);
			name = "[CP] Check Pods Manifest.lock";
			outputFileListPaths = (
			);
			outputPaths = (
				"$(DERIVED_FILE_DIR)/Pods-llamarnexample-checkManifestLockResult.txt",
			);
			runOnlyForDeploymentPostprocessing = 0;
			shellPath = /bin/sh;
			shellScript = "diff \"${PODS_PODFILE_DIR_PATH}/Podfile.lock\" \"${PODS_ROOT}/Manifest.lock\" > /dev/null\nif [ $? != 0 ] ; then\n    # print error to STDERR\n    echo \"error: The sandbox is not in sync with the Podfile.lock. Run 'pod install' or update your CocoaPods installation.\" >&2\n    exit 1\nfi\n# This output is used by Xcode 'outputs' to avoid re-running this script phase.\necho \"SUCCESS\" > \"${SCRIPT_OUTPUT_FILE_0}\"\n";
			showEnvVarsInLog = 0;
		};
/* End PBXShellScriptBuildPhase section */

/* Begin PBXSourcesBuildPhase section */
		13B07F871A680F5B00A75B9A /* Sources */ = {
			isa = PBXSourcesBuildPhase;
			buildActionMask = 2147483647;
			files = (
				761780ED2CA45674006654EE /* AppDelegate.swift in Sources */,
			);
			runOnlyForDeploymentPostprocessing = 0;
		};
/* End PBXSourcesBuildPhase section */

/* Begin XCBuildConfiguration section */
		13B07F911A680F5B00A75B9A /* Debug */ = {
			isa = XCBuildConfiguration;
			baseConfigurationReference = 59B66C4F42C7B1877CBDECE4 /* Pods-llamarnexample.debug.xcconfig */;
			buildSettings = {
				ASSETCATALOG_COMPILER_APPICON_NAME = AppIcon;
				ASSETCATALOG_COMPILER_GLOBAL_ACCENT_COLOR_NAME = AccentColor;
				CLANG_ANALYZER_NONNULL = YES;
				CLANG_ANALYZER_NUMBER_OBJECT_CONVERSION = YES_AGGRESSIVE;
				CLANG_CXX_LANGUAGE_STANDARD = "c++17";
				CLANG_ENABLE_MODULES = YES;
				CLANG_ENABLE_OBJC_ARC = YES;
				CLANG_ENABLE_OBJC_WEAK = YES;
				CLANG_WARN_BLOCK_CAPTURE_AUTORELEASING = YES;
				CLANG_WARN_BOOL_CONVERSION = YES;
				CLANG_WARN_COMMA = YES;
				CLANG_WARN_CONSTANT_CONVERSION = YES;
				CLANG_WARN_DEPRECATED_OBJC_IMPLEMENTATIONS = YES;
				CLANG_WARN_DIRECT_OBJC_ISA_USAGE = YES_ERROR;
				CLANG_WARN_DOCUMENTATION_COMMENTS = YES;
				CLANG_WARN_EMPTY_BODY = YES;
				CLANG_WARN_ENUM_CONVERSION = YES;
				CLANG_WARN_INFINITE_RECURSION = YES;
				CLANG_WARN_INT_CONVERSION = YES;
				CLANG_WARN_NON_LITERAL_NULL_CONVERSION = YES;
				CLANG_WARN_OBJC_IMPLICIT_RETAIN_SELF = YES;
				CLANG_WARN_OBJC_LITERAL_CONVERSION = YES;
				CLANG_WARN_OBJC_ROOT_CLASS = YES_ERROR;
				CLANG_WARN_RANGE_LOOP_ANALYSIS = YES;
				CLANG_WARN_STRICT_PROTOTYPES = YES;
				CLANG_WARN_SUSPICIOUS_MOVE = YES;
				CLANG_WARN_UNGUARDED_AVAILABILITY = YES_AGGRESSIVE;
				CLANG_WARN_UNREACHABLE_CODE = YES;
				CLANG_WARN__DUPLICATE_METHOD_MATCH = YES;
				CODE_SIGN_IDENTITY = "Apple Development";
				CODE_SIGN_STYLE = Automatic;
				COPY_PHASE_STRIP = NO;
				DEBUG_INFORMATION_FORMAT = dwarf;
				DEVELOPMENT_TEAM = "";
				ENABLE_STRICT_OBJC_MSGSEND = YES;
				ENABLE_TESTABILITY = YES;
				ENABLE_USER_SCRIPT_SANDBOXING = NO;
				GCC_C_LANGUAGE_STANDARD = gnu11;
				GCC_DYNAMIC_NO_PIC = NO;
				GCC_NO_COMMON_BLOCKS = YES;
				GCC_OPTIMIZATION_LEVEL = 0;
				GCC_PREPROCESSOR_DEFINITIONS = (
					"DEBUG=1",
					"$(inherited)",
					"FB_SONARKIT_ENABLED=1",
				);
				GCC_WARN_64_TO_32_BIT_CONVERSION = YES;
				GCC_WARN_ABOUT_RETURN_TYPE = YES_ERROR;
				GCC_WARN_UNDECLARED_SELECTOR = YES;
				GCC_WARN_UNINITIALIZED_AUTOS = YES_AGGRESSIVE;
				GCC_WARN_UNUSED_FUNCTION = YES;
				GCC_WARN_UNUSED_VARIABLE = YES;
				INFOPLIST_FILE = llamarnexample/Info.plist;
				IPHONEOS_DEPLOYMENT_TARGET = 16.6;
				LD_RUNPATH_SEARCH_PATHS = (
					"$(inherited)",
					"@executable_path/Frameworks",
					"@loader_path/Frameworks",
				);
				"LIBRARY_SEARCH_PATHS[arch=*]" = (
					"$(inherited)",
					"\"${PODS_CONFIGURATION_BUILD_DIR}/DoubleConversion\"",
					"\"${PODS_CONFIGURATION_BUILD_DIR}/RCT-Folly\"",
					"\"${PODS_CONFIGURATION_BUILD_DIR}/RCTDeprecation\"",
					"\"${PODS_CONFIGURATION_BUILD_DIR}/RCTTypeSafety\"",
					"\"${PODS_CONFIGURATION_BUILD_DIR}/RNLlamaCpp\"",
					"\"${PODS_CONFIGURATION_BUILD_DIR}/React-Core\"",
					"\"${PODS_CONFIGURATION_BUILD_DIR}/React-CoreModules\"",
					"\"${PODS_CONFIGURATION_BUILD_DIR}/React-Fabric\"",
					"\"${PODS_CONFIGURATION_BUILD_DIR}/React-FabricComponents\"",
					"\"${PODS_CONFIGURATION_BUILD_DIR}/React-FabricImage\"",
					"\"${PODS_CONFIGURATION_BUILD_DIR}/React-ImageManager\"",
					"\"${PODS_CONFIGURATION_BUILD_DIR}/React-Mapbuffer\"",
					"\"${PODS_CONFIGURATION_BUILD_DIR}/React-NativeModulesApple\"",
					"\"${PODS_CONFIGURATION_BUILD_DIR}/React-RCTAnimation\"",
					"\"${PODS_CONFIGURATION_BUILD_DIR}/React-RCTAppDelegate\"",
					"\"${PODS_CONFIGURATION_BUILD_DIR}/React-RCTBlob\"",
					"\"${PODS_CONFIGURATION_BUILD_DIR}/React-RCTFBReactNativeSpec\"",
					"\"${PODS_CONFIGURATION_BUILD_DIR}/React-RCTFabric\"",
					"\"${PODS_CONFIGURATION_BUILD_DIR}/React-RCTImage\"",
					"\"${PODS_CONFIGURATION_BUILD_DIR}/React-RCTLinking\"",
					"\"${PODS_CONFIGURATION_BUILD_DIR}/React-RCTNetwork\"",
					"\"${PODS_CONFIGURATION_BUILD_DIR}/React-RCTRuntime\"",
					"\"${PODS_CONFIGURATION_BUILD_DIR}/React-RCTSettings\"",
					"\"${PODS_CONFIGURATION_BUILD_DIR}/React-RCTText\"",
					"\"${PODS_CONFIGURATION_BUILD_DIR}/React-RCTVibration\"",
					"\"${PODS_CONFIGURATION_BUILD_DIR}/React-RuntimeApple\"",
					"\"${PODS_CONFIGURATION_BUILD_DIR}/React-RuntimeCore\"",
					"\"${PODS_CONFIGURATION_BUILD_DIR}/React-RuntimeHermes\"",
					"\"${PODS_CONFIGURATION_BUILD_DIR}/React-cxxreact\"",
					"\"${PODS_CONFIGURATION_BUILD_DIR}/React-debug\"",
					"\"${PODS_CONFIGURATION_BUILD_DIR}/React-defaultsnativemodule\"",
					"\"${PODS_CONFIGURATION_BUILD_DIR}/React-domnativemodule\"",
					"\"${PODS_CONFIGURATION_BUILD_DIR}/React-featureflags\"",
					"\"${PODS_CONFIGURATION_BUILD_DIR}/React-featureflagsnativemodule\"",
					"\"${PODS_CONFIGURATION_BUILD_DIR}/React-graphics\"",
					"\"${PODS_CONFIGURATION_BUILD_DIR}/React-hermes\"",
					"\"${PODS_CONFIGURATION_BUILD_DIR}/React-idlecallbacksnativemodule\"",
					"\"${PODS_CONFIGURATION_BUILD_DIR}/React-jserrorhandler\"",
					"\"${PODS_CONFIGURATION_BUILD_DIR}/React-jsi\"",
					"\"${PODS_CONFIGURATION_BUILD_DIR}/React-jsiexecutor\"",
					"\"${PODS_CONFIGURATION_BUILD_DIR}/React-jsinspector\"",
					"\"${PODS_CONFIGURATION_BUILD_DIR}/React-jsinspectortracing\"",
					"\"${PODS_CONFIGURATION_BUILD_DIR}/React-jsitooling\"",
					"\"${PODS_CONFIGURATION_BUILD_DIR}/React-logger\"",
					"\"${PODS_CONFIGURATION_BUILD_DIR}/React-microtasksnativemodule\"",
					"\"${PODS_CONFIGURATION_BUILD_DIR}/React-oscompat\"",
					"\"${PODS_CONFIGURATION_BUILD_DIR}/React-perflogger\"",
					"\"${PODS_CONFIGURATION_BUILD_DIR}/React-performancetimeline\"",
					"\"${PODS_CONFIGURATION_BUILD_DIR}/React-rendererconsistency\"",
					"\"${PODS_CONFIGURATION_BUILD_DIR}/React-renderercss\"",
					"\"${PODS_CONFIGURATION_BUILD_DIR}/React-rendererdebug\"",
					"\"${PODS_CONFIGURATION_BUILD_DIR}/React-runtimescheduler\"",
					"\"${PODS_CONFIGURATION_BUILD_DIR}/React-utils\"",
					"\"${PODS_CONFIGURATION_BUILD_DIR}/ReactAppDependencyProvider\"",
					"\"${PODS_CONFIGURATION_BUILD_DIR}/ReactCodegen\"",
					"\"${PODS_CONFIGURATION_BUILD_DIR}/ReactCommon\"",
					"\"${PODS_CONFIGURATION_BUILD_DIR}/SocketRocket\"",
					"\"${PODS_CONFIGURATION_BUILD_DIR}/Yoga\"",
					"\"${PODS_CONFIGURATION_BUILD_DIR}/fmt\"",
					"\"${PODS_CONFIGURATION_BUILD_DIR}/glog\"",
				);
				MTL_ENABLE_DEBUG_INFO = INCLUDE_SOURCE;
				MTL_FAST_MATH = YES;
				PRODUCT_NAME = "$(TARGET_NAME)";
				PROVISIONING_PROFILE_SPECIFIER = "";
				SDKROOT = iphoneos;
				SUPPORTED_PLATFORMS = "iphoneos iphonesimulator";
				SUPPORTS_MACCATALYST = NO;
				SUPPORTS_MAC_DESIGNED_FOR_IPHONE_IPAD = NO;
				SUPPORTS_XR_DESIGNED_FOR_IPHONE_IPAD = NO;
				SWIFT_ACTIVE_COMPILATION_CONDITIONS = DEBUG;
				SWIFT_EMIT_LOC_STRINGS = YES;
				SWIFT_OPTIMIZATION_LEVEL = "-Onone";
				SWIFT_VERSION = 5.0;
				TARGETED_DEVICE_FAMILY = 1;
			};
			name = Debug;
		};
		13B07F921A680F5B00A75B9A /* Release */ = {
			isa = XCBuildConfiguration;
			baseConfigurationReference = 6FDE3BC8A6BAF7E61BB5319F /* Pods-llamarnexample.release.xcconfig */;
			buildSettings = {
				ASSETCATALOG_COMPILER_APPICON_NAME = AppIcon;
				ASSETCATALOG_COMPILER_GLOBAL_ACCENT_COLOR_NAME = AccentColor;
				CLANG_ANALYZER_NONNULL = YES;
				CLANG_ANALYZER_NUMBER_OBJECT_CONVERSION = YES_AGGRESSIVE;
				CLANG_CXX_LANGUAGE_STANDARD = "c++17";
				CLANG_ENABLE_MODULES = YES;
				CLANG_ENABLE_OBJC_ARC = YES;
				CLANG_ENABLE_OBJC_WEAK = YES;
				CLANG_WARN_BLOCK_CAPTURE_AUTORELEASING = YES;
				CLANG_WARN_BOOL_CONVERSION = YES;
				CLANG_WARN_COMMA = YES;
				CLANG_WARN_CONSTANT_CONVERSION = YES;
				CLANG_WARN_DEPRECATED_OBJC_IMPLEMENTATIONS = YES;
				CLANG_WARN_DIRECT_OBJC_ISA_USAGE = YES_ERROR;
				CLANG_WARN_DOCUMENTATION_COMMENTS = YES;
				CLANG_WARN_EMPTY_BODY = YES;
				CLANG_WARN_ENUM_CONVERSION = YES;
				CLANG_WARN_INFINITE_RECURSION = YES;
				CLANG_WARN_INT_CONVERSION = YES;
				CLANG_WARN_NON_LITERAL_NULL_CONVERSION = YES;
				CLANG_WARN_OBJC_IMPLICIT_RETAIN_SELF = YES;
				CLANG_WARN_OBJC_LITERAL_CONVERSION = YES;
				CLANG_WARN_OBJC_ROOT_CLASS = YES_ERROR;
				CLANG_WARN_RANGE_LOOP_ANALYSIS = YES;
				CLANG_WARN_STRICT_PROTOTYPES = YES;
				CLANG_WARN_SUSPICIOUS_MOVE = YES;
				CLANG_WARN_UNGUARDED_AVAILABILITY = YES_AGGRESSIVE;
				CLANG_WARN_UNREACHABLE_CODE = YES;
				CLANG_WARN__DUPLICATE_METHOD_MATCH = YES;
				CODE_SIGN_IDENTITY = "Apple Development";
				CODE_SIGN_STYLE = Automatic;
				COPY_PHASE_STRIP = NO;
				DEBUG_INFORMATION_FORMAT = "dwarf-with-dsym";
				DEVELOPMENT_TEAM = "";
				ENABLE_NS_ASSERTIONS = NO;
				ENABLE_STRICT_OBJC_MSGSEND = YES;
				ENABLE_USER_SCRIPT_SANDBOXING = NO;
				GCC_C_LANGUAGE_STANDARD = gnu11;
				GCC_NO_COMMON_BLOCKS = YES;
				GCC_WARN_64_TO_32_BIT_CONVERSION = YES;
				GCC_WARN_ABOUT_RETURN_TYPE = YES_ERROR;
				GCC_WARN_UNDECLARED_SELECTOR = YES;
				GCC_WARN_UNINITIALIZED_AUTOS = YES_AGGRESSIVE;
				GCC_WARN_UNUSED_FUNCTION = YES;
				GCC_WARN_UNUSED_VARIABLE = YES;
				INFOPLIST_FILE = llamarnexample/Info.plist;
				IPHONEOS_DEPLOYMENT_TARGET = 16.6;
				LD_RUNPATH_SEARCH_PATHS = (
					"$(inherited)",
					"@executable_path/Frameworks",
					"@loader_path/Frameworks",
				);
				MTL_FAST_MATH = YES;
				PRODUCT_NAME = "$(TARGET_NAME)";
				PROVISIONING_PROFILE_SPECIFIER = "";
				SDKROOT = iphoneos;
				SUPPORTED_PLATFORMS = "iphoneos iphonesimulator";
				SUPPORTS_MACCATALYST = NO;
				SUPPORTS_MAC_DESIGNED_FOR_IPHONE_IPAD = NO;
				SUPPORTS_XR_DESIGNED_FOR_IPHONE_IPAD = NO;
				SWIFT_COMPILATION_MODE = wholemodule;
				SWIFT_EMIT_LOC_STRINGS = YES;
				SWIFT_OPTIMIZATION_LEVEL = "-O";
				SWIFT_VERSION = 5.0;
				TARGETED_DEVICE_FAMILY = 1;
				VALIDATE_PRODUCT = YES;
			};
			name = Release;
		};
		83CBB9FB1A601CBA00E9B192 /* Debug */ = {
			isa = XCBuildConfiguration;
			buildSettings = {
				CLANG_CXX_LANGUAGE_STANDARD = "c++20";
				CLANG_WARN_BLOCK_CAPTURE_AUTORELEASING = YES;
				CLANG_WARN_BOOL_CONVERSION = YES;
				CLANG_WARN_COMMA = YES;
				CLANG_WARN_CONSTANT_CONVERSION = YES;
				CLANG_WARN_DEPRECATED_OBJC_IMPLEMENTATIONS = YES;
				CLANG_WARN_EMPTY_BODY = YES;
				CLANG_WARN_ENUM_CONVERSION = YES;
				CLANG_WARN_INFINITE_RECURSION = YES;
				CLANG_WARN_INT_CONVERSION = YES;
				CLANG_WARN_NON_LITERAL_NULL_CONVERSION = YES;
				CLANG_WARN_OBJC_IMPLICIT_RETAIN_SELF = YES;
				CLANG_WARN_OBJC_LITERAL_CONVERSION = YES;
				CLANG_WARN_QUOTED_INCLUDE_IN_FRAMEWORK_HEADER = YES;
				CLANG_WARN_RANGE_LOOP_ANALYSIS = YES;
				CLANG_WARN_STRICT_PROTOTYPES = YES;
				CLANG_WARN_SUSPICIOUS_MOVE = YES;
				CLANG_WARN_UNREACHABLE_CODE = YES;
				CLANG_WARN__DUPLICATE_METHOD_MATCH = YES;
				CODE_SIGN_STYLE = Automatic;
				CURRENT_PROJECT_VERSION = 1;
				DEVELOPMENT_TEAM = "";
				ENABLE_STRICT_OBJC_MSGSEND = YES;
				ENABLE_TESTABILITY = YES;
				ENABLE_USER_SCRIPT_SANDBOXING = NO;
				GCC_NO_COMMON_BLOCKS = YES;
				GCC_PREPROCESSOR_DEFINITIONS = (
					"DEBUG=1",
					"$(inherited)",
				);
				GCC_WARN_64_TO_32_BIT_CONVERSION = YES;
				GCC_WARN_ABOUT_RETURN_TYPE = YES;
				GCC_WARN_UNDECLARED_SELECTOR = YES;
				GCC_WARN_UNINITIALIZED_AUTOS = YES;
				GCC_WARN_UNUSED_FUNCTION = YES;
				GCC_WARN_UNUSED_VARIABLE = YES;
				IPHONEOS_DEPLOYMENT_TARGET = 18.0;
				MARKETING_VERSION = 1.0;
				ONLY_ACTIVE_ARCH = YES;
				OTHER_LDFLAGS = (
					"$(inherited)",
					" ",
				);
				PRODUCT_BUNDLE_IDENTIFIER = "org.reactjs.native.example.$(PRODUCT_NAME:rfc1034identifier)";
				PRODUCT_NAME = llamarnexample;
				REACT_NATIVE_PATH = "${PODS_ROOT}/../../../node_modules/react-native";
				SDKROOT = iphoneos;
				SWIFT_ACTIVE_COMPILATION_CONDITIONS = "$(inherited) DEBUG";
				SWIFT_VERSION = 5.0;
				USE_HERMES = true;
				VERSIONING_SYSTEM = "apple-generic";
			};
			name = Debug;
		};
		83CBB9FC1A601CBA00E9B192 /* Release */ = {
			isa = XCBuildConfiguration;
			buildSettings = {
				CLANG_CXX_LANGUAGE_STANDARD = "c++20";
				CLANG_WARN_BLOCK_CAPTURE_AUTORELEASING = YES;
				CLANG_WARN_BOOL_CONVERSION = YES;
				CLANG_WARN_COMMA = YES;
				CLANG_WARN_CONSTANT_CONVERSION = YES;
				CLANG_WARN_DEPRECATED_OBJC_IMPLEMENTATIONS = YES;
				CLANG_WARN_EMPTY_BODY = YES;
				CLANG_WARN_ENUM_CONVERSION = YES;
				CLANG_WARN_INFINITE_RECURSION = YES;
				CLANG_WARN_INT_CONVERSION = YES;
				CLANG_WARN_NON_LITERAL_NULL_CONVERSION = YES;
				CLANG_WARN_OBJC_IMPLICIT_RETAIN_SELF = YES;
				CLANG_WARN_OBJC_LITERAL_CONVERSION = YES;
				CLANG_WARN_QUOTED_INCLUDE_IN_FRAMEWORK_HEADER = YES;
				CLANG_WARN_RANGE_LOOP_ANALYSIS = YES;
				CLANG_WARN_STRICT_PROTOTYPES = YES;
				CLANG_WARN_SUSPICIOUS_MOVE = YES;
				CLANG_WARN_UNREACHABLE_CODE = YES;
				CLANG_WARN__DUPLICATE_METHOD_MATCH = YES;
				CODE_SIGN_STYLE = Automatic;
				CURRENT_PROJECT_VERSION = 1;
				DEVELOPMENT_TEAM = "";
				ENABLE_STRICT_OBJC_MSGSEND = YES;
				ENABLE_USER_SCRIPT_SANDBOXING = NO;
				GCC_NO_COMMON_BLOCKS = YES;
				GCC_WARN_64_TO_32_BIT_CONVERSION = YES;
				GCC_WARN_ABOUT_RETURN_TYPE = YES;
				GCC_WARN_UNDECLARED_SELECTOR = YES;
				GCC_WARN_UNINITIALIZED_AUTOS = YES;
				GCC_WARN_UNUSED_FUNCTION = YES;
				GCC_WARN_UNUSED_VARIABLE = YES;
				IPHONEOS_DEPLOYMENT_TARGET = 18.0;
				MARKETING_VERSION = 1.0;
				OTHER_LDFLAGS = (
					"$(inherited)",
					" ",
				);
				PRODUCT_BUNDLE_IDENTIFIER = "org.reactjs.native.example.$(PRODUCT_NAME:rfc1034identifier)";
				PRODUCT_NAME = llamarnexample;
				REACT_NATIVE_PATH = "${PODS_ROOT}/../../../node_modules/react-native";
				SDKROOT = iphoneos;
				SWIFT_VERSION = 5.0;
				USE_HERMES = true;
				VERSIONING_SYSTEM = "apple-generic";
			};
			name = Release;
		};
/* End XCBuildConfiguration section */

/* Begin XCConfigurationList section */
		13B07F931A680F5B00A75B9A /* Build configuration list for PBXNativeTarget "llamarnexample" */ = {
			isa = XCConfigurationList;
			buildConfigurations = (
				13B07F911A680F5B00A75B9A /* Debug */,
				13B07F921A680F5B00A75B9A /* Release */,
			);
			defaultConfigurationIsVisible = 0;
			defaultConfigurationName = Debug;
		};
		83CBB9FA1A601CBA00E9B192 /* Build configuration list for PBXProject "llamarnexample" */ = {
			isa = XCConfigurationList;
			buildConfigurations = (
				83CBB9FB1A601CBA00E9B192 /* Debug */,
				83CBB9FC1A601CBA00E9B192 /* Release */,
			);
			defaultConfigurationIsVisible = 0;
			defaultConfigurationName = Debug;
		};
/* End XCConfigurationList section */
	};
	rootObject = 83CBB9F71A601CBA00E9B192 /* Project object */;
}
